PODS:
  - MyScriptInteractiveInk-Runtime (1.1.2)
  - MyScriptInteractiveInk-UIReferenceImplementation (1.1.2):
    - MyScriptInteractiveInk-Runtime (~> 1.1.2)

DEPENDENCIES:
  - MyScriptInteractiveInk-UIReferenceImplementation (from `./EInkEngine`)

EXTERNAL SOURCES:
  MyScriptInteractiveInk-UIReferenceImplementation:
    :path: ./EInkEngine

SPEC CHECKSUMS:
  MyScriptInteractiveInk-Runtime: 473fd867a34fe659c4f076052435bd887db42bfa
  MyScriptInteractiveInk-UIReferenceImplementation: 20f34d04ac8b3aa2b26bcf857369224299420b9b

PODFILE CHECKSUM: ea2cbbad2e37af5e470f80b48a0fb9b0752491e4

COCOAPODS: 1.4.0
